{
  "name": "highcharts",
  "version": "7.1.2",
  "lockfileVersion": 3,
  "requires": true,
  "packages": {
    "": {
      "name": "highcharts",
      "version": "7.1.2",
      "license": "https://www.highcharts.com/license",
      "dependencies": {
        "highcharts": "file:"
      }
    },
    "node_modules/highcharts": {
      "resolved": "",
      "link": true
    }
  }
}
